
Microsoft Visual Studio Solution File, Format Version 12.00
# Visual Studio Version 17
VisualStudioVersion = 17.5.002.0
MinimumVisualStudioVersion = 10.0.40219.1
Project("{9A19103F-16F7-4668-BE54-9A1E7A4F7556}") = "testIdentityServer4mvc", "testIdentityServer4mvc.csproj", "{A8C3FD88-A718-459C-B538-A7F8CEE4DC15}"
EndProject
Global
	GlobalSection(SolutionConfigurationPlatforms) = preSolution
		Debug|Any CPU = Debug|Any CPU
		Release|Any CPU = Release|Any CPU
	EndGlobalSection
	GlobalSection(ProjectConfigurationPlatforms) = postSolution
		{A8C3FD88-A718-459C-B538-A7F8CEE4DC15}.Debug|Any CPU.ActiveCfg = Debug|Any CPU
		{A8C3FD88-A718-459C-B538-A7F8CEE4DC15}.Debug|Any CPU.Build.0 = Debug|Any CPU
		{A8C3FD88-A718-459C-B538-A7F8CEE4DC15}.Release|Any CPU.ActiveCfg = Release|Any CPU
		{A8C3FD88-A718-459C-B538-A7F8CEE4DC15}.Release|Any CPU.Build.0 = Release|Any CPU
	EndGlobalSection
	GlobalSection(SolutionProperties) = preSolution
		HideSolutionNode = FALSE
	EndGlobalSection
	GlobalSection(ExtensibilityGlobals) = postSolution
		SolutionGuid = {0A9CFD26-0E4E-4F1F-A6AC-5552A8CB5B7C}
	EndGlobalSection
EndGlobal
