
Microsoft Visual Studio Solution File, Format Version 12.00
# Visual Studio Version 17
VisualStudioVersion = 17.5.002.0
MinimumVisualStudioVersion = 10.0.40219.1
Project("{9A19103F-16F7-4668-BE54-9A1E7A4F7556}") = "WepResourceApi", "WepResourceApi.csproj", "{D686B300-6D2A-44C2-A629-870075E4889C}"
EndProject
Global
	GlobalSection(SolutionConfigurationPlatforms) = preSolution
		Debug|Any CPU = Debug|Any CPU
		Release|Any CPU = Release|Any CPU
	EndGlobalSection
	GlobalSection(ProjectConfigurationPlatforms) = postSolution
		{D686B300-6D2A-44C2-A629-870075E4889C}.Debug|Any CPU.ActiveCfg = Debug|Any CPU
		{D686B300-6D2A-44C2-A629-870075E4889C}.Debug|Any CPU.Build.0 = Debug|Any CPU
		{D686B300-6D2A-44C2-A629-870075E4889C}.Release|Any CPU.ActiveCfg = Release|Any CPU
		{D686B300-6D2A-44C2-A629-870075E4889C}.Release|Any CPU.Build.0 = Release|Any CPU
	EndGlobalSection
	GlobalSection(SolutionProperties) = preSolution
		HideSolutionNode = FALSE
	EndGlobalSection
	GlobalSection(ExtensibilityGlobals) = postSolution
		SolutionGuid = {0782D6E3-1B5F-4DB1-AE6D-C3D1FA03586E}
	EndGlobalSection
EndGlobal
