
Microsoft Visual Studio Solution File, Format Version 12.00
# Visual Studio Version 16
VisualStudioVersion = 16.0.34902.97
MinimumVisualStudioVersion = 10.0.40219.1
Project("{FAE04EC0-301F-11D3-BF4B-00C04F79EFBC}") = "AuthIntegratedAPI", "AuthIntegratedAPI\AuthIntegratedAPI.csproj", "{0A5910B8-38B3-49A8-B2EA-2C56103CC916}"
EndProject
Global
	GlobalSection(SolutionConfigurationPlatforms) = preSolution
		Debug|Any CPU = Debug|Any CPU
		Release|Any CPU = Release|Any CPU
	EndGlobalSection
	GlobalSection(ProjectConfigurationPlatforms) = postSolution
		{0A5910B8-38B3-49A8-B2EA-2C56103CC916}.Debug|Any CPU.ActiveCfg = Debug|Any CPU
		{0A5910B8-38B3-49A8-B2EA-2C56103CC916}.Debug|Any CPU.Build.0 = Debug|Any CPU
		{0A5910B8-38B3-49A8-B2EA-2C56103CC916}.Release|Any CPU.ActiveCfg = Release|Any CPU
		{0A5910B8-38B3-49A8-B2EA-2C56103CC916}.Release|Any CPU.Build.0 = Release|Any CPU
	EndGlobalSection
	GlobalSection(SolutionProperties) = preSolution
		HideSolutionNode = FALSE
	EndGlobalSection
	GlobalSection(ExtensibilityGlobals) = postSolution
		SolutionGuid = {8716DC89-EC26-42D4-8DBB-7357CBA2A6D3}
	EndGlobalSection
EndGlobal
